
Microsoft Visual Studio Solution File, Format Version 12.00
# Visual Studio Version 17
VisualStudioVersion = 17.3.32819.101
MinimumVisualStudioVersion = 10.0.40219.1
Project("{9A19103F-16F7-4668-BE54-9A1E7A4F7556}") = "SchoolManagement.Api", "SchoolManagement.Api\SchoolManagement.Api.csproj", "{35822D26-AD70-4E26-BF11-9E88C4BC8D01}"
EndProject
Project("{9A19103F-16F7-4668-BE54-9A1E7A4F7556}") = "SchoolManagement.Infrastructure", "SchoolManagement.Infrastructure\SchoolManagement.Infrastructure.csproj", "{65DBD2F9-69AE-402B-886B-22ACE347A611}"
EndProject
Project("{9A19103F-16F7-4668-BE54-9A1E7A4F7556}") = "SchoolManagement.Core", "SchoolManagement.Core\SchoolManagement.Core.csproj", "{8A467C6D-6976-48CF-BEDF-218FF254FC8A}"
EndProject
Global
	GlobalSection(SolutionConfigurationPlatforms) = preSolution
		Debug|Any CPU = Debug|Any CPU
		Release|Any CPU = Release|Any CPU
	EndGlobalSection
	GlobalSection(ProjectConfigurationPlatforms) = postSolution
		{35822D26-AD70-4E26-BF11-9E88C4BC8D01}.Debug|Any CPU.ActiveCfg = Debug|Any CPU
		{35822D26-AD70-4E26-BF11-9E88C4BC8D01}.Debug|Any CPU.Build.0 = Debug|Any CPU
		{35822D26-AD70-4E26-BF11-9E88C4BC8D01}.Release|Any CPU.ActiveCfg = Release|Any CPU
		{35822D26-AD70-4E26-BF11-9E88C4BC8D01}.Release|Any CPU.Build.0 = Release|Any CPU
		{65DBD2F9-69AE-402B-886B-22ACE347A611}.Debug|Any CPU.ActiveCfg = Debug|Any CPU
		{65DBD2F9-69AE-402B-886B-22ACE347A611}.Debug|Any CPU.Build.0 = Debug|Any CPU
		{65DBD2F9-69AE-402B-886B-22ACE347A611}.Release|Any CPU.ActiveCfg = Release|Any CPU
		{65DBD2F9-69AE-402B-886B-22ACE347A611}.Release|Any CPU.Build.0 = Release|Any CPU
		{8A467C6D-6976-48CF-BEDF-218FF254FC8A}.Debug|Any CPU.ActiveCfg = Debug|Any CPU
		{8A467C6D-6976-48CF-BEDF-218FF254FC8A}.Debug|Any CPU.Build.0 = Debug|Any CPU
		{8A467C6D-6976-48CF-BEDF-218FF254FC8A}.Release|Any CPU.ActiveCfg = Release|Any CPU
		{8A467C6D-6976-48CF-BEDF-218FF254FC8A}.Release|Any CPU.Build.0 = Release|Any CPU
	EndGlobalSection
	GlobalSection(SolutionProperties) = preSolution
		HideSolutionNode = FALSE
	EndGlobalSection
	GlobalSection(ExtensibilityGlobals) = postSolution
		SolutionGuid = {28C4AE2A-991B-44F9-ACAF-C87F7BF233F0}
	EndGlobalSection
EndGlobal
