
Microsoft Visual Studio Solution File, Format Version 12.00
# Visual Studio Version 17
VisualStudioVersion = 17.3.32819.101
MinimumVisualStudioVersion = 10.0.40219.1
Project("{FAE04EC0-301F-11D3-BF4B-00C04F79EFBC}") = "JWT.Authentication.Server", "JWT.Authentication.Server\JWT.Authentication.Server.csproj", "{64848A4B-F7F8-4BD2-9E32-F01251DDDC37}"
EndProject
Project("{FAE04EC0-301F-11D3-BF4B-00C04F79EFBC}") = "JWT.Authentication.Server.Core", "JWT.Authentication.Server.Core\JWT.Authentication.Server.Core.csproj", "{47284765-E0F5-44C9-8811-40C5EFC60CF4}"
EndProject
Project("{FAE04EC0-301F-11D3-BF4B-00C04F79EFBC}") = "JWT.Authentication.Server.Infrastructure", "JWT.Authentication.Server.Infrastructure\JWT.Authentication.Server.Infrastructure.csproj", "{EF2F378D-5846-4498-BC43-72009C6C46CF}"
EndProject
Global
	GlobalSection(SolutionConfigurationPlatforms) = preSolution
		Debug|Any CPU = Debug|Any CPU
		Release|Any CPU = Release|Any CPU
	EndGlobalSection
	GlobalSection(ProjectConfigurationPlatforms) = postSolution
		{64848A4B-F7F8-4BD2-9E32-F01251DDDC37}.Debug|Any CPU.ActiveCfg = Debug|Any CPU
		{64848A4B-F7F8-4BD2-9E32-F01251DDDC37}.Debug|Any CPU.Build.0 = Debug|Any CPU
		{64848A4B-F7F8-4BD2-9E32-F01251DDDC37}.Release|Any CPU.ActiveCfg = Release|Any CPU
		{64848A4B-F7F8-4BD2-9E32-F01251DDDC37}.Release|Any CPU.Build.0 = Release|Any CPU
		{47284765-E0F5-44C9-8811-40C5EFC60CF4}.Debug|Any CPU.ActiveCfg = Debug|Any CPU
		{47284765-E0F5-44C9-8811-40C5EFC60CF4}.Debug|Any CPU.Build.0 = Debug|Any CPU
		{47284765-E0F5-44C9-8811-40C5EFC60CF4}.Release|Any CPU.ActiveCfg = Release|Any CPU
		{47284765-E0F5-44C9-8811-40C5EFC60CF4}.Release|Any CPU.Build.0 = Release|Any CPU
		{EF2F378D-5846-4498-BC43-72009C6C46CF}.Debug|Any CPU.ActiveCfg = Debug|Any CPU
		{EF2F378D-5846-4498-BC43-72009C6C46CF}.Debug|Any CPU.Build.0 = Debug|Any CPU
		{EF2F378D-5846-4498-BC43-72009C6C46CF}.Release|Any CPU.ActiveCfg = Release|Any CPU
		{EF2F378D-5846-4498-BC43-72009C6C46CF}.Release|Any CPU.Build.0 = Release|Any CPU
	EndGlobalSection
	GlobalSection(SolutionProperties) = preSolution
		HideSolutionNode = FALSE
	EndGlobalSection
	GlobalSection(ExtensibilityGlobals) = postSolution
		SolutionGuid = {8749AA50-9816-463E-8062-502B51176298}
	EndGlobalSection
EndGlobal
